// !$*UTF8*$!
{
	archiveVersion = 1;
	classes = {
	};
	objectVersion = 46;
	objects = {

/* Begin PBXBuildFile section */
		8AA46FB83DB9EAAF5CF9723C /* Pods_GBook.framework in Frameworks */ = {isa = PBXBuildFile; fileRef = 6BAAF062D24CA6C153636F80 /* Pods_GBook.framework */; };
		D61BC4491EE2A30300B2DB70 /* AppDelegate.swift in Sources */ = {isa = PBXBuildFile; fileRef = D61BC4481EE2A30300B2DB70 /* AppDelegate.swift */; };
		D61BC4501EE2A30300B2DB70 /* Assets.xcassets in Resources */ = {isa = PBXBuildFile; fileRef = D61BC44F1EE2A30300B2DB70 /* Assets.xcassets */; };
		D61BC4531EE2A30300B2DB70 /* LaunchScreen.storyboard in Resources */ = {isa = PBXBuildFile; fileRef = D61BC4511EE2A30300B2DB70 /* LaunchScreen.storyboard */; };
		D61BC45D1EE2A48D00B2DB70 /* 华康少女字体.ttf in Resources */ = {isa = PBXBuildFile; fileRef = D61BC45C1EE2A47D00B2DB70 /* 华康少女字体.ttf */; };
		D623B4491F02B6360065DC84 /* MEKeyboardManager.m in Sources */ = {isa = PBXBuildFile; fileRef = D623B4481F02B6360065DC84 /* MEKeyboardManager.m */; };
		D688DA551EE67CB800EFB9DB /* MERankViewController.swift in Sources */ = {isa = PBXBuildFile; fileRef = D688DA541EE67CB800EFB9DB /* MERankViewController.swift */; };
		D688DA571EE67CC600EFB9DB /* MESearchViewController.swift in Sources */ = {isa = PBXBuildFile; fileRef = D688DA561EE67CC600EFB9DB /* MESearchViewController.swift */; };
		D688DA591EE67CD100EFB9DB /* MEPushViewController.swift in Sources */ = {isa = PBXBuildFile; fileRef = D688DA581EE67CD100EFB9DB /* MEPushViewController.swift */; };
		D688DA5B1EE67CD800EFB9DB /* MECircleViewController.swift in Sources */ = {isa = PBXBuildFile; fileRef = D688DA5A1EE67CD800EFB9DB /* MECircleViewController.swift */; };
		D688DA5D1EE67CE000EFB9DB /* MEMoreViewController.swift in Sources */ = {isa = PBXBuildFile; fileRef = D688DA5C1EE67CE000EFB9DB /* MEMoreViewController.swift */; };
		D688DA5F1EE67D3500EFB9DB /* MEBookConfig.swift in Sources */ = {isa = PBXBuildFile; fileRef = D688DA5E1EE67D3500EFB9DB /* MEBookConfig.swift */; };
		D688DA681EE6842400EFB9DB /* libaacplus.a in Frameworks */ = {isa = PBXBuildFile; fileRef = D688DA631EE6842400EFB9DB /* libaacplus.a */; };
		D688DA691EE6842400EFB9DB /* libcrypto.a in Frameworks */ = {isa = PBXBuildFile; fileRef = D688DA641EE6842400EFB9DB /* libcrypto.a */; };
		D688DA6A1EE6842400EFB9DB /* libevent.a in Frameworks */ = {isa = PBXBuildFile; fileRef = D688DA651EE6842400EFB9DB /* libevent.a */; };
		D688DA6B1EE6842400EFB9DB /* libssl.a in Frameworks */ = {isa = PBXBuildFile; fileRef = D688DA661EE6842400EFB9DB /* libssl.a */; };
		D688DA6C1EE6842400EFB9DB /* NIMSDK.framework in Frameworks */ = {isa = PBXBuildFile; fileRef = D688DA671EE6842400EFB9DB /* NIMSDK.framework */; };
		D688DA6E1EE6845700EFB9DB /* MobileCoreServices.framework in Frameworks */ = {isa = PBXBuildFile; fileRef = D688DA6D1EE6845700EFB9DB /* MobileCoreServices.framework */; };
		D688DA701EE6846500EFB9DB /* SystemConfiguration.framework in Frameworks */ = {isa = PBXBuildFile; fileRef = D688DA6F1EE6846500EFB9DB /* SystemConfiguration.framework */; };
		D688DA721EE6846E00EFB9DB /* AVFoundation.framework in Frameworks */ = {isa = PBXBuildFile; fileRef = D688DA711EE6846E00EFB9DB /* AVFoundation.framework */; };
		D688DA741EE6847700EFB9DB /* CoreTelephony.framework in Frameworks */ = {isa = PBXBuildFile; fileRef = D688DA731EE6847700EFB9DB /* CoreTelephony.framework */; };
		D688DA761EE6848000EFB9DB /* CoreMedia.framework in Frameworks */ = {isa = PBXBuildFile; fileRef = D688DA751EE6848000EFB9DB /* CoreMedia.framework */; };
		D688DA781EE6848800EFB9DB /* AudioToolbox.framework in Frameworks */ = {isa = PBXBuildFile; fileRef = D688DA771EE6848800EFB9DB /* AudioToolbox.framework */; };
		D688DA7A1EE6849100EFB9DB /* VideoToolbox.framework in Frameworks */ = {isa = PBXBuildFile; fileRef = D688DA791EE6849100EFB9DB /* VideoToolbox.framework */; };
		D688DA7C1EE6849F00EFB9DB /* libc++.tbd in Frameworks */ = {isa = PBXBuildFile; fileRef = D688DA7B1EE6849F00EFB9DB /* libc++.tbd */; };
		D688DA7E1EE684AF00EFB9DB /* libsqlite3.0.tbd in Frameworks */ = {isa = PBXBuildFile; fileRef = D688DA7D1EE684AF00EFB9DB /* libsqlite3.0.tbd */; };
		D688DA801EE684B800EFB9DB /* libz.tbd in Frameworks */ = {isa = PBXBuildFile; fileRef = D688DA7F1EE684B800EFB9DB /* libz.tbd */; };
		D688DA831EE6869F00EFB9DB /* MEBaseViewController.swift in Sources */ = {isa = PBXBuildFile; fileRef = D688DA821EE6869F00EFB9DB /* MEBaseViewController.swift */; };
		D688DA8A1EE68E2B00EFB9DB /* MENewCommentViewController.swift in Sources */ = {isa = PBXBuildFile; fileRef = D688DA891EE68E2B00EFB9DB /* MENewCommentViewController.swift */; };
		D688DA8D1EE68EF400EFB9DB /* MEGeneralFactory.swift in Sources */ = {isa = PBXBuildFile; fileRef = D688DA8C1EE68EF400EFB9DB /* MEGeneralFactory.swift */; };
		D688DA8F1EE69AC500EFB9DB /* MENewCommentTopView.swift in Sources */ = {isa = PBXBuildFile; fileRef = D688DA8E1EE69AC500EFB9DB /* MENewCommentTopView.swift */; };
		D688DA931EE7912600EFB9DB /* UIImage+Extension.m in Sources */ = {isa = PBXBuildFile; fileRef = D688DA921EE7912600EFB9DB /* UIImage+Extension.m */; };
		D688DA991EE7D45D00EFB9DB /* MENewCommentSetTitleViewController.swift in Sources */ = {isa = PBXBuildFile; fileRef = D688DA981EE7D45D00EFB9DB /* MENewCommentSetTitleViewController.swift */; };
		D688DAA01EE7F64B00EFB9DB /* btn_star_evaluation_normal.png in Resources */ = {isa = PBXBuildFile; fileRef = D688DA9C1EE7F64B00EFB9DB /* btn_star_evaluation_normal.png */; };
		D688DAA11EE7F64B00EFB9DB /* btn_star_evaluation_press.png in Resources */ = {isa = PBXBuildFile; fileRef = D688DA9D1EE7F64B00EFB9DB /* btn_star_evaluation_press.png */; };
		D688DAA21EE7F64B00EFB9DB /* LDXScore.m in Sources */ = {isa = PBXBuildFile; fileRef = D688DA9F1EE7F64B00EFB9DB /* LDXScore.m */; };
		D6E65F291EE8495F00D94FCC /* MESetSegmentViewController.swift in Sources */ = {isa = PBXBuildFile; fileRef = D6E65F281EE8495F00D94FCC /* MESetSegmentViewController.swift */; };
		D6E65F2B1EE849DC00D94FCC /* MEAddBookCommentViewController.swift in Sources */ = {isa = PBXBuildFile; fileRef = D6E65F2A1EE849DC00D94FCC /* MEAddBookCommentViewController.swift */; };
		D6E65F401EE8504D00D94FCC /* AKSegmentedControl.m in Sources */ = {isa = PBXBuildFile; fileRef = D6E65F2E1EE8504D00D94FCC /* AKSegmentedControl.m */; };
		D6E65F411EE8504D00D94FCC /* segmented-bg-pressed-center.png in Resources */ = {isa = PBXBuildFile; fileRef = D6E65F301EE8504D00D94FCC /* segmented-bg-pressed-center.png */; };
		D6E65F421EE8504D00D94FCC /* segmented-bg-pressed-center@2x.png in Resources */ = {isa = PBXBuildFile; fileRef = D6E65F311EE8504D00D94FCC /* segmented-bg-pressed-center@2x.png */; };
		D6E65F431EE8504D00D94FCC /* segmented-bg-pressed-left.png in Resources */ = {isa = PBXBuildFile; fileRef = D6E65F321EE8504D00D94FCC /* segmented-bg-pressed-left.png */; };
		D6E65F441EE8504D00D94FCC /* segmented-bg-pressed-left@2x.png in Resources */ = {isa = PBXBuildFile; fileRef = D6E65F331EE8504D00D94FCC /* segmented-bg-pressed-left@2x.png */; };
		D6E65F451EE8504D00D94FCC /* segmented-bg-pressed-right.png in Resources */ = {isa = PBXBuildFile; fileRef = D6E65F341EE8504D00D94FCC /* segmented-bg-pressed-right.png */; };
		D6E65F461EE8504D00D94FCC /* segmented-bg-pressed-right@2x.png in Resources */ = {isa = PBXBuildFile; fileRef = D6E65F351EE8504D00D94FCC /* segmented-bg-pressed-right@2x.png */; };
		D6E65F471EE8504D00D94FCC /* segmented-bg.png in Resources */ = {isa = PBXBuildFile; fileRef = D6E65F361EE8504D00D94FCC /* segmented-bg.png */; };
		D6E65F481EE8504D00D94FCC /* segmented-bg@2x.png in Resources */ = {isa = PBXBuildFile; fileRef = D6E65F371EE8504D00D94FCC /* segmented-bg@2x.png */; };
		D6E65F491EE8504D00D94FCC /* segmented-separator.png in Resources */ = {isa = PBXBuildFile; fileRef = D6E65F381EE8504D00D94FCC /* segmented-separator.png */; };
		D6E65F4A1EE8504D00D94FCC /* segmented-separator@2x.png in Resources */ = {isa = PBXBuildFile; fileRef = D6E65F391EE8504D00D94FCC /* segmented-separator@2x.png */; };
		D6E65F4B1EE8504D00D94FCC /* settings-icon.png in Resources */ = {isa = PBXBuildFile; fileRef = D6E65F3A1EE8504D00D94FCC /* settings-icon.png */; };
		D6E65F4C1EE8504D00D94FCC /* settings-icon@2x.png in Resources */ = {isa = PBXBuildFile; fileRef = D6E65F3B1EE8504D00D94FCC /* settings-icon@2x.png */; };
		D6E65F4D1EE8504D00D94FCC /* social-icon.png in Resources */ = {isa = PBXBuildFile; fileRef = D6E65F3C1EE8504D00D94FCC /* social-icon.png */; };
		D6E65F4E1EE8504D00D94FCC /* social-icon@2x.png in Resources */ = {isa = PBXBuildFile; fileRef = D6E65F3D1EE8504D00D94FCC /* social-icon@2x.png */; };
		D6E65F4F1EE8504D00D94FCC /* star-icon.png in Resources */ = {isa = PBXBuildFile; fileRef = D6E65F3E1EE8504D00D94FCC /* star-icon.png */; };
		D6E65F501EE8504D00D94FCC /* star-icon@2x.png in Resources */ = {isa = PBXBuildFile; fileRef = D6E65F3F1EE8504D00D94FCC /* star-icon@2x.png */; };
		D6E65F561EE85BD500D94FCC /* IGLDropDownItem.m in Sources */ = {isa = PBXBuildFile; fileRef = D6E65F531EE85BD500D94FCC /* IGLDropDownItem.m */; };
		D6E65F571EE85BD500D94FCC /* IGLDropDownMenu.m in Sources */ = {isa = PBXBuildFile; fileRef = D6E65F551EE85BD500D94FCC /* IGLDropDownMenu.m */; };
/* End PBXBuildFile section */

/* Begin PBXFileReference section */
		6BAAF062D24CA6C153636F80 /* Pods_GBook.framework */ = {isa = PBXFileReference; explicitFileType = wrapper.framework; includeInIndex = 0; path = Pods_GBook.framework; sourceTree = BUILT_PRODUCTS_DIR; };
		9070E083EFA286295945CD4C /* Pods-GBook.release.xcconfig */ = {isa = PBXFileReference; includeInIndex = 1; lastKnownFileType = text.xcconfig; name = "Pods-GBook.release.xcconfig"; path = "Pods/Target Support Files/Pods-GBook/Pods-GBook.release.xcconfig"; sourceTree = "<group>"; };
		99315D47C2CB31158EE19552 /* Pods-GBook.debug.xcconfig */ = {isa = PBXFileReference; includeInIndex = 1; lastKnownFileType = text.xcconfig; name = "Pods-GBook.debug.xcconfig"; path = "Pods/Target Support Files/Pods-GBook/Pods-GBook.debug.xcconfig"; sourceTree = "<group>"; };
		D61BC4451EE2A30300B2DB70 /* GBook.app */ = {isa = PBXFileReference; explicitFileType = wrapper.application; includeInIndex = 0; path = GBook.app; sourceTree = BUILT_PRODUCTS_DIR; };
		D61BC4481EE2A30300B2DB70 /* AppDelegate.swift */ = {isa = PBXFileReference; lastKnownFileType = sourcecode.swift; path = AppDelegate.swift; sourceTree = "<group>"; };
		D61BC44F1EE2A30300B2DB70 /* Assets.xcassets */ = {isa = PBXFileReference; lastKnownFileType = folder.assetcatalog; path = Assets.xcassets; sourceTree = "<group>"; };
		D61BC4521EE2A30300B2DB70 /* Base */ = {isa = PBXFileReference; lastKnownFileType = file.storyboard; name = Base; path = Base.lproj/LaunchScreen.storyboard; sourceTree = "<group>"; };
		D61BC4541EE2A30300B2DB70 /* Info.plist */ = {isa = PBXFileReference; lastKnownFileType = text.plist.xml; path = Info.plist; sourceTree = "<group>"; };
		D61BC45C1EE2A47D00B2DB70 /* 华康少女字体.ttf */ = {isa = PBXFileReference; lastKnownFileType = file; path = "华康少女字体.ttf"; sourceTree = "<group>"; };
		D623B4471F02B6360065DC84 /* MEKeyboardManager.h */ = {isa = PBXFileReference; fileEncoding = 4; lastKnownFileType = sourcecode.c.h; path = MEKeyboardManager.h; sourceTree = "<group>"; };
		D623B4481F02B6360065DC84 /* MEKeyboardManager.m */ = {isa = PBXFileReference; fileEncoding = 4; lastKnownFileType = sourcecode.c.objc; path = MEKeyboardManager.m; sourceTree = "<group>"; };
		D688DA541EE67CB800EFB9DB /* MERankViewController.swift */ = {isa = PBXFileReference; fileEncoding = 4; lastKnownFileType = sourcecode.swift; path = MERankViewController.swift; sourceTree = "<group>"; };
		D688DA561EE67CC600EFB9DB /* MESearchViewController.swift */ = {isa = PBXFileReference; fileEncoding = 4; lastKnownFileType = sourcecode.swift; path = MESearchViewController.swift; sourceTree = "<group>"; };
		D688DA581EE67CD100EFB9DB /* MEPushViewController.swift */ = {isa = PBXFileReference; fileEncoding = 4; lastKnownFileType = sourcecode.swift; path = MEPushViewController.swift; sourceTree = "<group>"; };
		D688DA5A1EE67CD800EFB9DB /* MECircleViewController.swift */ = {isa = PBXFileReference; fileEncoding = 4; lastKnownFileType = sourcecode.swift; path = MECircleViewController.swift; sourceTree = "<group>"; };
		D688DA5C1EE67CE000EFB9DB /* MEMoreViewController.swift */ = {isa = PBXFileReference; fileEncoding = 4; lastKnownFileType = sourcecode.swift; path = MEMoreViewController.swift; sourceTree = "<group>"; };
		D688DA5E1EE67D3500EFB9DB /* MEBookConfig.swift */ = {isa = PBXFileReference; fileEncoding = 4; lastKnownFileType = sourcecode.swift; name = MEBookConfig.swift; path = ../MEBookConfig.swift; sourceTree = "<group>"; };
		D688DA631EE6842400EFB9DB /* libaacplus.a */ = {isa = PBXFileReference; lastKnownFileType = archive.ar; path = libaacplus.a; sourceTree = "<group>"; };
		D688DA641EE6842400EFB9DB /* libcrypto.a */ = {isa = PBXFileReference; lastKnownFileType = archive.ar; path = libcrypto.a; sourceTree = "<group>"; };
		D688DA651EE6842400EFB9DB /* libevent.a */ = {isa = PBXFileReference; lastKnownFileType = archive.ar; path = libevent.a; sourceTree = "<group>"; };
		D688DA661EE6842400EFB9DB /* libssl.a */ = {isa = PBXFileReference; lastKnownFileType = archive.ar; path = libssl.a; sourceTree = "<group>"; };
		D688DA671EE6842400EFB9DB /* NIMSDK.framework */ = {isa = PBXFileReference; lastKnownFileType = wrapper.framework; path = NIMSDK.framework; sourceTree = "<group>"; };
		D688DA6D1EE6845700EFB9DB /* MobileCoreServices.framework */ = {isa = PBXFileReference; lastKnownFileType = wrapper.framework; name = MobileCoreServices.framework; path = System/Library/Frameworks/MobileCoreServices.framework; sourceTree = SDKROOT; };
		D688DA6F1EE6846500EFB9DB /* SystemConfiguration.framework */ = {isa = PBXFileReference; lastKnownFileType = wrapper.framework; name = SystemConfiguration.framework; path = System/Library/Frameworks/SystemConfiguration.framework; sourceTree = SDKROOT; };
		D688DA711EE6846E00EFB9DB /* AVFoundation.framework */ = {isa = PBXFileReference; lastKnownFileType = wrapper.framework; name = AVFoundation.framework; path = System/Library/Frameworks/AVFoundation.framework; sourceTree = SDKROOT; };
		D688DA731EE6847700EFB9DB /* CoreTelephony.framework */ = {isa = PBXFileReference; lastKnownFileType = wrapper.framework; name = CoreTelephony.framework; path = System/Library/Frameworks/CoreTelephony.framework; sourceTree = SDKROOT; };
		D688DA751EE6848000EFB9DB /* CoreMedia.framework */ = {isa = PBXFileReference; lastKnownFileType = wrapper.framework; name = CoreMedia.framework; path = System/Library/Frameworks/CoreMedia.framework; sourceTree = SDKROOT; };
		D688DA771EE6848800EFB9DB /* AudioToolbox.framework */ = {isa = PBXFileReference; lastKnownFileType = wrapper.framework; name = AudioToolbox.framework; path = System/Library/Frameworks/AudioToolbox.framework; sourceTree = SDKROOT; };
		D688DA791EE6849100EFB9DB /* VideoToolbox.framework */ = {isa = PBXFileReference; lastKnownFileType = wrapper.framework; name = VideoToolbox.framework; path = System/Library/Frameworks/VideoToolbox.framework; sourceTree = SDKROOT; };
		D688DA7B1EE6849F00EFB9DB /* libc++.tbd */ = {isa = PBXFileReference; lastKnownFileType = "sourcecode.text-based-dylib-definition"; name = "libc++.tbd"; path = "usr/lib/libc++.tbd"; sourceTree = SDKROOT; };
		D688DA7D1EE684AF00EFB9DB /* libsqlite3.0.tbd */ = {isa = PBXFileReference; lastKnownFileType = "sourcecode.text-based-dylib-definition"; name = libsqlite3.0.tbd; path = usr/lib/libsqlite3.0.tbd; sourceTree = SDKROOT; };
		D688DA7F1EE684B800EFB9DB /* libz.tbd */ = {isa = PBXFileReference; lastKnownFileType = "sourcecode.text-based-dylib-definition"; name = libz.tbd; path = usr/lib/libz.tbd; sourceTree = SDKROOT; };
		D688DA821EE6869F00EFB9DB /* MEBaseViewController.swift */ = {isa = PBXFileReference; fileEncoding = 4; lastKnownFileType = sourcecode.swift; path = MEBaseViewController.swift; sourceTree = "<group>"; };
		D688DA891EE68E2B00EFB9DB /* MENewCommentViewController.swift */ = {isa = PBXFileReference; fileEncoding = 4; lastKnownFileType = sourcecode.swift; path = MENewCommentViewController.swift; sourceTree = "<group>"; };
		D688DA8C1EE68EF400EFB9DB /* MEGeneralFactory.swift */ = {isa = PBXFileReference; fileEncoding = 4; lastKnownFileType = sourcecode.swift; path = MEGeneralFactory.swift; sourceTree = "<group>"; };
		D688DA8E1EE69AC500EFB9DB /* MENewCommentTopView.swift */ = {isa = PBXFileReference; fileEncoding = 4; lastKnownFileType = sourcecode.swift; path = MENewCommentTopView.swift; sourceTree = "<group>"; };
		D688DA901EE6A12500EFB9DB /* GBook-Bridging-Header.h */ = {isa = PBXFileReference; lastKnownFileType = sourcecode.c.h; path = "GBook-Bridging-Header.h"; sourceTree = "<group>"; };
		D688DA911EE7912600EFB9DB /* UIImage+Extension.h */ = {isa = PBXFileReference; fileEncoding = 4; lastKnownFileType = sourcecode.c.h; path = "UIImage+Extension.h"; sourceTree = "<group>"; };
		D688DA921EE7912600EFB9DB /* UIImage+Extension.m */ = {isa = PBXFileReference; fileEncoding = 4; lastKnownFileType = sourcecode.c.objc; path = "UIImage+Extension.m"; sourceTree = "<group>"; };
		D688DA981EE7D45D00EFB9DB /* MENewCommentSetTitleViewController.swift */ = {isa = PBXFileReference; fileEncoding = 4; lastKnownFileType = sourcecode.swift; path = MENewCommentSetTitleViewController.swift; sourceTree = "<group>"; };
		D688DA9C1EE7F64B00EFB9DB /* btn_star_evaluation_normal.png */ = {isa = PBXFileReference; lastKnownFileType = image.png; path = btn_star_evaluation_normal.png; sourceTree = "<group>"; };
		D688DA9D1EE7F64B00EFB9DB /* btn_star_evaluation_press.png */ = {isa = PBXFileReference; lastKnownFileType = image.png; path = btn_star_evaluation_press.png; sourceTree = "<group>"; };
		D688DA9E1EE7F64B00EFB9DB /* LDXScore.h */ = {isa = PBXFileReference; fileEncoding = 4; lastKnownFileType = sourcecode.c.h; path = LDXScore.h; sourceTree = "<group>"; };
		D688DA9F1EE7F64B00EFB9DB /* LDXScore.m */ = {isa = PBXFileReference; fileEncoding = 4; lastKnownFileType = sourcecode.c.objc; path = LDXScore.m; sourceTree = "<group>"; };
		D6E65F281EE8495F00D94FCC /* MESetSegmentViewController.swift */ = {isa = PBXFileReference; fileEncoding = 4; lastKnownFileType = sourcecode.swift; path = MESetSegmentViewController.swift; sourceTree = "<group>"; };
		D6E65F2A1EE849DC00D94FCC /* MEAddBookCommentViewController.swift */ = {isa = PBXFileReference; fileEncoding = 4; lastKnownFileType = sourcecode.swift; path = MEAddBookCommentViewController.swift; sourceTree = "<group>"; };
		D6E65F2D1EE8504D00D94FCC /* AKSegmentedControl.h */ = {isa = PBXFileReference; fileEncoding = 4; lastKnownFileType = sourcecode.c.h; path = AKSegmentedControl.h; sourceTree = "<group>"; };
		D6E65F2E1EE8504D00D94FCC /* AKSegmentedControl.m */ = {isa = PBXFileReference; fileEncoding = 4; lastKnownFileType = sourcecode.c.objc; path = AKSegmentedControl.m; sourceTree = "<group>"; };
		D6E65F301EE8504D00D94FCC /* segmented-bg-pressed-center.png */ = {isa = PBXFileReference; lastKnownFileType = image.png; path = "segmented-bg-pressed-center.png"; sourceTree = "<group>"; };
		D6E65F311EE8504D00D94FCC /* segmented-bg-pressed-center@2x.png */ = {isa = PBXFileReference; lastKnownFileType = image.png; path = "segmented-bg-pressed-center@2x.png"; sourceTree = "<group>"; };
		D6E65F321EE8504D00D94FCC /* segmented-bg-pressed-left.png */ = {isa = PBXFileReference; lastKnownFileType = image.png; path = "segmented-bg-pressed-left.png"; sourceTree = "<group>"; };
		D6E65F331EE8504D00D94FCC /* segmented-bg-pressed-left@2x.png */ = {isa = PBXFileReference; lastKnownFileType = image.png; path = "segmented-bg-pressed-left@2x.png"; sourceTree = "<group>"; };
		D6E65F341EE8504D00D94FCC /* segmented-bg-pressed-right.png */ = {isa = PBXFileReference; lastKnownFileType = image.png; path = "segmented-bg-pressed-right.png"; sourceTree = "<group>"; };
		D6E65F351EE8504D00D94FCC /* segmented-bg-pressed-right@2x.png */ = {isa = PBXFileReference; lastKnownFileType = image.png; path = "segmented-bg-pressed-right@2x.png"; sourceTree = "<group>"; };
		D6E65F361EE8504D00D94FCC /* segmented-bg.png */ = {isa = PBXFileReference; lastKnownFileType = image.png; path = "segmented-bg.png"; sourceTree = "<group>"; };
		D6E65F371EE8504D00D94FCC /* segmented-bg@2x.png */ = {isa = PBXFileReference; lastKnownFileType = image.png; path = "segmented-bg@2x.png"; sourceTree = "<group>"; };
		D6E65F381EE8504D00D94FCC /* segmented-separator.png */ = {isa = PBXFileReference; lastKnownFileType = image.png; path = "segmented-separator.png"; sourceTree = "<group>"; };
		D6E65F391EE8504D00D94FCC /* segmented-separator@2x.png */ = {isa = PBXFileReference; lastKnownFileType = image.png; path = "segmented-separator@2x.png"; sourceTree = "<group>"; };
		D6E65F3A1EE8504D00D94FCC /* settings-icon.png */ = {isa = PBXFileReference; lastKnownFileType = image.png; path = "settings-icon.png"; sourceTree = "<group>"; };
		D6E65F3B1EE8504D00D94FCC /* settings-icon@2x.png */ = {isa = PBXFileReference; lastKnownFileType = image.png; path = "settings-icon@2x.png"; sourceTree = "<group>"; };
		D6E65F3C1EE8504D00D94FCC /* social-icon.png */ = {isa = PBXFileReference; lastKnownFileType = image.png; path = "social-icon.png"; sourceTree = "<group>"; };
		D6E65F3D1EE8504D00D94FCC /* social-icon@2x.png */ = {isa = PBXFileReference; lastKnownFileType = image.png; path = "social-icon@2x.png"; sourceTree = "<group>"; };
		D6E65F3E1EE8504D00D94FCC /* star-icon.png */ = {isa = PBXFileReference; lastKnownFileType = image.png; path = "star-icon.png"; sourceTree = "<group>"; };
		D6E65F3F1EE8504D00D94FCC /* star-icon@2x.png */ = {isa = PBXFileReference; lastKnownFileType = image.png; path = "star-icon@2x.png"; sourceTree = "<group>"; };
		D6E65F521EE85BD500D94FCC /* IGLDropDownItem.h */ = {isa = PBXFileReference; fileEncoding = 4; lastKnownFileType = sourcecode.c.h; path = IGLDropDownItem.h; sourceTree = "<group>"; };
		D6E65F531EE85BD500D94FCC /* IGLDropDownItem.m */ = {isa = PBXFileReference; fileEncoding = 4; lastKnownFileType = sourcecode.c.objc; path = IGLDropDownItem.m; sourceTree = "<group>"; };
		D6E65F541EE85BD500D94FCC /* IGLDropDownMenu.h */ = {isa = PBXFileReference; fileEncoding = 4; lastKnownFileType = sourcecode.c.h; path = IGLDropDownMenu.h; sourceTree = "<group>"; };
		D6E65F551EE85BD500D94FCC /* IGLDropDownMenu.m */ = {isa = PBXFileReference; fileEncoding = 4; lastKnownFileType = sourcecode.c.objc; path = IGLDropDownMenu.m; sourceTree = "<group>"; };
/* End PBXFileReference section */

/* Begin PBXFrameworksBuildPhase section */
		D61BC4421EE2A30300B2DB70 /* Frameworks */ = {
			isa = PBXFrameworksBuildPhase;
			buildActionMask = 2147483647;
			files = (
				D688DA801EE684B800EFB9DB /* libz.tbd in Frameworks */,
				D688DA7E1EE684AF00EFB9DB /* libsqlite3.0.tbd in Frameworks */,
				D688DA7C1EE6849F00EFB9DB /* libc++.tbd in Frameworks */,
				D688DA7A1EE6849100EFB9DB /* VideoToolbox.framework in Frameworks */,
				D688DA781EE6848800EFB9DB /* AudioToolbox.framework in Frameworks */,
				D688DA761EE6848000EFB9DB /* CoreMedia.framework in Frameworks */,
				D688DA741EE6847700EFB9DB /* CoreTelephony.framework in Frameworks */,
				D688DA721EE6846E00EFB9DB /* AVFoundation.framework in Frameworks */,
				D688DA701EE6846500EFB9DB /* SystemConfiguration.framework in Frameworks */,
				D688DA6E1EE6845700EFB9DB /* MobileCoreServices.framework in Frameworks */,
				D688DA6B1EE6842400EFB9DB /* libssl.a in Frameworks */,
				D688DA691EE6842400EFB9DB /* libcrypto.a in Frameworks */,
				D688DA681EE6842400EFB9DB /* libaacplus.a in Frameworks */,
				D688DA6C1EE6842400EFB9DB /* NIMSDK.framework in Frameworks */,
				D688DA6A1EE6842400EFB9DB /* libevent.a in Frameworks */,
				8AA46FB83DB9EAAF5CF9723C /* Pods_GBook.framework in Frameworks */,
			);
			runOnlyForDeploymentPostprocessing = 0;
		};
/* End PBXFrameworksBuildPhase section */

/* Begin PBXGroup section */
		063B7AFF8023C1C47B61AE25 /* Pods */ = {
			isa = PBXGroup;
			children = (
				99315D47C2CB31158EE19552 /* Pods-GBook.debug.xcconfig */,
				9070E083EFA286295945CD4C /* Pods-GBook.release.xcconfig */,
			);
			name = Pods;
			sourceTree = "<group>";
		};
		D61BC43C1EE2A30300B2DB70 = {
			isa = PBXGroup;
			children = (
				D688DA9A1EE7F63900EFB9DB /* ThirdKit */,
				D688DA601EE6840900EFB9DB /* Frameworks */,
				D61BC45A1EE2A42500B2DB70 /* Resource */,
				D61BC4471EE2A30300B2DB70 /* GBook */,
				D61BC4461EE2A30300B2DB70 /* Products */,
				063B7AFF8023C1C47B61AE25 /* Pods */,
			);
			sourceTree = "<group>";
		};
		D61BC4461EE2A30300B2DB70 /* Products */ = {
			isa = PBXGroup;
			children = (
				D61BC4451EE2A30300B2DB70 /* GBook.app */,
			);
			name = Products;
			sourceTree = "<group>";
		};
		D61BC4471EE2A30300B2DB70 /* GBook */ = {
			isa = PBXGroup;
			children = (
				D688DA8B1EE68ECC00EFB9DB /* GeneralFactory */,
				D688DA811EE6868900EFB9DB /* Base */,
				D688DA531EE67C9500EFB9DB /* More */,
				D688DA521EE67C8C00EFB9DB /* Circle */,
				D688DA511EE67C8100EFB9DB /* Push */,
				D688DA501EE67C7B00EFB9DB /* Search */,
				D688DA4F1EE67C6C00EFB9DB /* Rank */,
				D61BC4481EE2A30300B2DB70 /* AppDelegate.swift */,
				D688DA5E1EE67D3500EFB9DB /* MEBookConfig.swift */,
				D688DA901EE6A12500EFB9DB /* GBook-Bridging-Header.h */,
				D61BC44F1EE2A30300B2DB70 /* Assets.xcassets */,
				D61BC4511EE2A30300B2DB70 /* LaunchScreen.storyboard */,
				D61BC4541EE2A30300B2DB70 /* Info.plist */,
			);
			path = GBook;
			sourceTree = "<group>";
		};
		D61BC45A1EE2A42500B2DB70 /* Resource */ = {
			isa = PBXGroup;
			children = (
				D61BC45B1EE2A45B00B2DB70 /* Font */,
			);
			path = Resource;
			sourceTree = "<group>";
		};
		D61BC45B1EE2A45B00B2DB70 /* Font */ = {
			isa = PBXGroup;
			children = (
				D61BC45C1EE2A47D00B2DB70 /* 华康少女字体.ttf */,
			);
			path = Font;
			sourceTree = "<group>";
		};
		D623B4461F02B6360065DC84 /* MEKeyboardManager */ = {
			isa = PBXGroup;
			children = (
				D623B4471F02B6360065DC84 /* MEKeyboardManager.h */,
				D623B4481F02B6360065DC84 /* MEKeyboardManager.m */,
			);
			path = MEKeyboardManager;
			sourceTree = "<group>";
		};
		D688DA4F1EE67C6C00EFB9DB /* Rank */ = {
			isa = PBXGroup;
			children = (
				D688DA541EE67CB800EFB9DB /* MERankViewController.swift */,
			);
			name = Rank;
			sourceTree = "<group>";
		};
		D688DA501EE67C7B00EFB9DB /* Search */ = {
			isa = PBXGroup;
			children = (
				D688DA561EE67CC600EFB9DB /* MESearchViewController.swift */,
			);
			name = Search;
			sourceTree = "<group>";
		};
		D688DA511EE67C8100EFB9DB /* Push */ = {
			isa = PBXGroup;
			children = (
				D688DA861EE68DC900EFB9DB /* C */,
				D688DA851EE68DC200EFB9DB /* M */,
				D688DA841EE68DB500EFB9DB /* V */,
			);
			name = Push;
			sourceTree = "<group>";
		};
		D688DA521EE67C8C00EFB9DB /* Circle */ = {
			isa = PBXGroup;
			children = (
				D688DA5A1EE67CD800EFB9DB /* MECircleViewController.swift */,
			);
			name = Circle;
			sourceTree = "<group>";
		};
		D688DA531EE67C9500EFB9DB /* More */ = {
			isa = PBXGroup;
			children = (
				D688DA5C1EE67CE000EFB9DB /* MEMoreViewController.swift */,
			);
			name = More;
			sourceTree = "<group>";
		};
		D688DA601EE6840900EFB9DB /* Frameworks */ = {
			isa = PBXGroup;
			children = (
				D688DA7F1EE684B800EFB9DB /* libz.tbd */,
				D688DA7D1EE684AF00EFB9DB /* libsqlite3.0.tbd */,
				D688DA7B1EE6849F00EFB9DB /* libc++.tbd */,
				D688DA791EE6849100EFB9DB /* VideoToolbox.framework */,
				D688DA771EE6848800EFB9DB /* AudioToolbox.framework */,
				D688DA751EE6848000EFB9DB /* CoreMedia.framework */,
				D688DA731EE6847700EFB9DB /* CoreTelephony.framework */,
				D688DA711EE6846E00EFB9DB /* AVFoundation.framework */,
				D688DA6F1EE6846500EFB9DB /* SystemConfiguration.framework */,
				D688DA6D1EE6845700EFB9DB /* MobileCoreServices.framework */,
				D688DA611EE6842400EFB9DB /* NIMSDK */,
				6BAAF062D24CA6C153636F80 /* Pods_GBook.framework */,
			);
			name = Frameworks;
			sourceTree = "<group>";
		};
		D688DA611EE6842400EFB9DB /* NIMSDK */ = {
			isa = PBXGroup;
			children = (
				D688DA621EE6842400EFB9DB /* Libs */,
				D688DA671EE6842400EFB9DB /* NIMSDK.framework */,
			);
			path = NIMSDK;
			sourceTree = "<group>";
		};
		D688DA621EE6842400EFB9DB /* Libs */ = {
			isa = PBXGroup;
			children = (
				D688DA631EE6842400EFB9DB /* libaacplus.a */,
				D688DA641EE6842400EFB9DB /* libcrypto.a */,
				D688DA651EE6842400EFB9DB /* libevent.a */,
				D688DA661EE6842400EFB9DB /* libssl.a */,
			);
			path = Libs;
			sourceTree = "<group>";
		};
		D688DA811EE6868900EFB9DB /* Base */ = {
			isa = PBXGroup;
			children = (
				D688DA821EE6869F00EFB9DB /* MEBaseViewController.swift */,
				D688DA911EE7912600EFB9DB /* UIImage+Extension.h */,
				D688DA921EE7912600EFB9DB /* UIImage+Extension.m */,
			);
			name = Base;
			sourceTree = "<group>";
		};
		D688DA841EE68DB500EFB9DB /* V */ = {
			isa = PBXGroup;
			children = (
				D688DA8E1EE69AC500EFB9DB /* MENewCommentTopView.swift */,
			);
			name = V;
			sourceTree = "<group>";
		};
		D688DA851EE68DC200EFB9DB /* M */ = {
			isa = PBXGroup;
			children = (
			);
			name = M;
			sourceTree = "<group>";
		};
		D688DA861EE68DC900EFB9DB /* C */ = {
			isa = PBXGroup;
			children = (
				D688DA581EE67CD100EFB9DB /* MEPushViewController.swift */,
				D688DA891EE68E2B00EFB9DB /* MENewCommentViewController.swift */,
				D688DA981EE7D45D00EFB9DB /* MENewCommentSetTitleViewController.swift */,
				D6E65F281EE8495F00D94FCC /* MESetSegmentViewController.swift */,
				D6E65F2A1EE849DC00D94FCC /* MEAddBookCommentViewController.swift */,
			);
			name = C;
			sourceTree = "<group>";
		};
		D688DA8B1EE68ECC00EFB9DB /* GeneralFactory */ = {
			isa = PBXGroup;
			children = (
				D688DA8C1EE68EF400EFB9DB /* MEGeneralFactory.swift */,
			);
			name = GeneralFactory;
			sourceTree = "<group>";
		};
		D688DA9A1EE7F63900EFB9DB /* ThirdKit */ = {
			isa = PBXGroup;
			children = (
				D623B4461F02B6360065DC84 /* MEKeyboardManager */,
				D6E65F511EE85BD500D94FCC /* IGLDropDownMenu */,
				D6E65F2C1EE8504D00D94FCC /* AKSegmentedControl */,
				D688DA9B1EE7F64B00EFB9DB /* LDXScore */,
			);
			name = ThirdKit;
			sourceTree = "<group>";
		};
		D688DA9B1EE7F64B00EFB9DB /* LDXScore */ = {
			isa = PBXGroup;
			children = (
				D688DA9C1EE7F64B00EFB9DB /* btn_star_evaluation_normal.png */,
				D688DA9D1EE7F64B00EFB9DB /* btn_star_evaluation_press.png */,
				D688DA9E1EE7F64B00EFB9DB /* LDXScore.h */,
				D688DA9F1EE7F64B00EFB9DB /* LDXScore.m */,
			);
			path = LDXScore;
			sourceTree = "<group>";
		};
		D6E65F2C1EE8504D00D94FCC /* AKSegmentedControl */ = {
			isa = PBXGroup;
			children = (
				D6E65F2D1EE8504D00D94FCC /* AKSegmentedControl.h */,
				D6E65F2E1EE8504D00D94FCC /* AKSegmentedControl.m */,
				D6E65F2F1EE8504D00D94FCC /* images */,
			);
			path = AKSegmentedControl;
			sourceTree = "<group>";
		};
		D6E65F2F1EE8504D00D94FCC /* images */ = {
			isa = PBXGroup;
			children = (
				D6E65F301EE8504D00D94FCC /* segmented-bg-pressed-center.png */,
				D6E65F311EE8504D00D94FCC /* segmented-bg-pressed-center@2x.png */,
				D6E65F321EE8504D00D94FCC /* segmented-bg-pressed-left.png */,
				D6E65F331EE8504D00D94FCC /* segmented-bg-pressed-left@2x.png */,
				D6E65F341EE8504D00D94FCC /* segmented-bg-pressed-right.png */,
				D6E65F351EE8504D00D94FCC /* segmented-bg-pressed-right@2x.png */,
				D6E65F361EE8504D00D94FCC /* segmented-bg.png */,
				D6E65F371EE8504D00D94FCC /* segmented-bg@2x.png */,
				D6E65F381EE8504D00D94FCC /* segmented-separator.png */,
				D6E65F391EE8504D00D94FCC /* segmented-separator@2x.png */,
				D6E65F3A1EE8504D00D94FCC /* settings-icon.png */,
				D6E65F3B1EE8504D00D94FCC /* settings-icon@2x.png */,
				D6E65F3C1EE8504D00D94FCC /* social-icon.png */,
				D6E65F3D1EE8504D00D94FCC /* social-icon@2x.png */,
				D6E65F3E1EE8504D00D94FCC /* star-icon.png */,
				D6E65F3F1EE8504D00D94FCC /* star-icon@2x.png */,
			);
			path = images;
			sourceTree = "<group>";
		};
		D6E65F511EE85BD500D94FCC /* IGLDropDownMenu */ = {
			isa = PBXGroup;
			children = (
				D6E65F521EE85BD500D94FCC /* IGLDropDownItem.h */,
				D6E65F531EE85BD500D94FCC /* IGLDropDownItem.m */,
				D6E65F541EE85BD500D94FCC /* IGLDropDownMenu.h */,
				D6E65F551EE85BD500D94FCC /* IGLDropDownMenu.m */,
			);
			path = IGLDropDownMenu;
			sourceTree = "<group>";
		};
/* End PBXGroup section */

/* Begin PBXNativeTarget section */
		D61BC4441EE2A30300B2DB70 /* GBook */ = {
			isa = PBXNativeTarget;
			buildConfigurationList = D61BC4571EE2A30300B2DB70 /* Build configuration list for PBXNativeTarget "GBook" */;
			buildPhases = (
				75AC8B9284AEEF898CD21921 /* [CP] Check Pods Manifest.lock */,
				D61BC4411EE2A30300B2DB70 /* Sources */,
				D61BC4421EE2A30300B2DB70 /* Frameworks */,
				D61BC4431EE2A30300B2DB70 /* Resources */,
				ED4F59E878AA5B7B996BDCD9 /* [CP] Embed Pods Frameworks */,
				16AD6B83EEFAE9BEF76E23FE /* [CP] Copy Pods Resources */,
			);
			buildRules = (
			);
			dependencies = (
			);
			name = GBook;
			productName = GBook;
			productReference = D61BC4451EE2A30300B2DB70 /* GBook.app */;
			productType = "com.apple.product-type.application";
		};
/* End PBXNativeTarget section */

/* Begin PBXProject section */
		D61BC43D1EE2A30300B2DB70 /* Project object */ = {
			isa = PBXProject;
			attributes = {
				CLASSPREFIX = ME;
				LastSwiftUpdateCheck = 0820;
				LastUpgradeCheck = 0820;
				ORGANIZATIONNAME = "马伟";
				TargetAttributes = {
					D61BC4441EE2A30300B2DB70 = {
						CreatedOnToolsVersion = 8.2.1;
						DevelopmentTeam = 6AZ497S772;
						ProvisioningStyle = Automatic;
					};
				};
			};
			buildConfigurationList = D61BC4401EE2A30300B2DB70 /* Build configuration list for PBXProject "GBook" */;
			compatibilityVersion = "Xcode 3.2";
			developmentRegion = English;
			hasScannedForEncodings = 0;
			knownRegions = (
				en,
				Base,
			);
			mainGroup = D61BC43C1EE2A30300B2DB70;
			productRefGroup = D61BC4461EE2A30300B2DB70 /* Products */;
			projectDirPath = "";
			projectRoot = "";
			targets = (
				D61BC4441EE2A30300B2DB70 /* GBook */,
			);
		};
/* End PBXProject section */

/* Begin PBXResourcesBuildPhase section */
		D61BC4431EE2A30300B2DB70 /* Resources */ = {
			isa = PBXResourcesBuildPhase;
			buildActionMask = 2147483647;
			files = (
				D61BC45D1EE2A48D00B2DB70 /* 华康少女字体.ttf in Resources */,
				D6E65F4A1EE8504D00D94FCC /* segmented-separator@2x.png in Resources */,
				D6E65F471EE8504D00D94FCC /* segmented-bg.png in Resources */,
				D6E65F4D1EE8504D00D94FCC /* social-icon.png in Resources */,
				D6E65F4F1EE8504D00D94FCC /* star-icon.png in Resources */,
				D688DAA01EE7F64B00EFB9DB /* btn_star_evaluation_normal.png in Resources */,
				D61BC4531EE2A30300B2DB70 /* LaunchScreen.storyboard in Resources */,
				D6E65F501EE8504D00D94FCC /* star-icon@2x.png in Resources */,
				D6E65F4E1EE8504D00D94FCC /* social-icon@2x.png in Resources */,
				D6E65F491EE8504D00D94FCC /* segmented-separator.png in Resources */,
				D6E65F411EE8504D00D94FCC /* segmented-bg-pressed-center.png in Resources */,
				D688DAA11EE7F64B00EFB9DB /* btn_star_evaluation_press.png in Resources */,
				D6E65F481EE8504D00D94FCC /* segmented-bg@2x.png in Resources */,
				D6E65F431EE8504D00D94FCC /* segmented-bg-pressed-left.png in Resources */,
				D6E65F461EE8504D00D94FCC /* segmented-bg-pressed-right@2x.png in Resources */,
				D6E65F4C1EE8504D00D94FCC /* settings-icon@2x.png in Resources */,
				D6E65F4B1EE8504D00D94FCC /* settings-icon.png in Resources */,
				D6E65F441EE8504D00D94FCC /* segmented-bg-pressed-left@2x.png in Resources */,
				D6E65F421EE8504D00D94FCC /* segmented-bg-pressed-center@2x.png in Resources */,
				D61BC4501EE2A30300B2DB70 /* Assets.xcassets in Resources */,
				D6E65F451EE8504D00D94FCC /* segmented-bg-pressed-right.png in Resources */,
			);
			runOnlyForDeploymentPostprocessing = 0;
		};
/* End PBXResourcesBuildPhase section */

/* Begin PBXShellScriptBuildPhase section */
		16AD6B83EEFAE9BEF76E23FE /* [CP] Copy Pods Resources */ = {
			isa = PBXShellScriptBuildPhase;
			buildActionMask = 2147483647;
			files = (
			);
			inputPaths = (
			);
			name = "[CP] Copy Pods Resources";
			outputPaths = (
			);
			runOnlyForDeploymentPostprocessing = 0;
			shellPath = /bin/sh;
			shellScript = "\"${SRCROOT}/Pods/Target Support Files/Pods-GBook/Pods-GBook-resources.sh\"\n";
			showEnvVarsInLog = 0;
		};
		75AC8B9284AEEF898CD21921 /* [CP] Check Pods Manifest.lock */ = {
			isa = PBXShellScriptBuildPhase;
			buildActionMask = 2147483647;
			files = (
			);
			inputPaths = (
			);
			name = "[CP] Check Pods Manifest.lock";
			outputPaths = (
			);
			runOnlyForDeploymentPostprocessing = 0;
			shellPath = /bin/sh;
			shellScript = "diff \"${PODS_ROOT}/../Podfile.lock\" \"${PODS_ROOT}/Manifest.lock\" > /dev/null\nif [ $? != 0 ] ; then\n    # print error to STDERR\n    echo \"error: The sandbox is not in sync with the Podfile.lock. Run 'pod install' or update your CocoaPods installation.\" >&2\n    exit 1\nfi\n";
			showEnvVarsInLog = 0;
		};
		ED4F59E878AA5B7B996BDCD9 /* [CP] Embed Pods Frameworks */ = {
			isa = PBXShellScriptBuildPhase;
			buildActionMask = 2147483647;
			files = (
			);
			inputPaths = (
			);
			name = "[CP] Embed Pods Frameworks";
			outputPaths = (
			);
			runOnlyForDeploymentPostprocessing = 0;
			shellPath = /bin/sh;
			shellScript = "\"${SRCROOT}/Pods/Target Support Files/Pods-GBook/Pods-GBook-frameworks.sh\"\n";
			showEnvVarsInLog = 0;
		};
/* End PBXShellScriptBuildPhase section */

/* Begin PBXSourcesBuildPhase section */
		D61BC4411EE2A30300B2DB70 /* Sources */ = {
			isa = PBXSourcesBuildPhase;
			buildActionMask = 2147483647;
			files = (
				D688DA5D1EE67CE000EFB9DB /* MEMoreViewController.swift in Sources */,
				D688DA831EE6869F00EFB9DB /* MEBaseViewController.swift in Sources */,
				D688DA591EE67CD100EFB9DB /* MEPushViewController.swift in Sources */,
				D688DAA21EE7F64B00EFB9DB /* LDXScore.m in Sources */,
				D688DA991EE7D45D00EFB9DB /* MENewCommentSetTitleViewController.swift in Sources */,
				D6E65F291EE8495F00D94FCC /* MESetSegmentViewController.swift in Sources */,
				D688DA931EE7912600EFB9DB /* UIImage+Extension.m in Sources */,
				D6E65F2B1EE849DC00D94FCC /* MEAddBookCommentViewController.swift in Sources */,
				D623B4491F02B6360065DC84 /* MEKeyboardManager.m in Sources */,
				D688DA8D1EE68EF400EFB9DB /* MEGeneralFactory.swift in Sources */,
				D688DA5B1EE67CD800EFB9DB /* MECircleViewController.swift in Sources */,
				D688DA8F1EE69AC500EFB9DB /* MENewCommentTopView.swift in Sources */,
				D6E65F571EE85BD500D94FCC /* IGLDropDownMenu.m in Sources */,
				D688DA8A1EE68E2B00EFB9DB /* MENewCommentViewController.swift in Sources */,
				D6E65F561EE85BD500D94FCC /* IGLDropDownItem.m in Sources */,
				D688DA5F1EE67D3500EFB9DB /* MEBookConfig.swift in Sources */,
				D61BC4491EE2A30300B2DB70 /* AppDelegate.swift in Sources */,
				D688DA571EE67CC600EFB9DB /* MESearchViewController.swift in Sources */,
				D688DA551EE67CB800EFB9DB /* MERankViewController.swift in Sources */,
				D6E65F401EE8504D00D94FCC /* AKSegmentedControl.m in Sources */,
			);
			runOnlyForDeploymentPostprocessing = 0;
		};
/* End PBXSourcesBuildPhase section */

/* Begin PBXVariantGroup section */
		D61BC4511EE2A30300B2DB70 /* LaunchScreen.storyboard */ = {
			isa = PBXVariantGroup;
			children = (
				D61BC4521EE2A30300B2DB70 /* Base */,
			);
			name = LaunchScreen.storyboard;
			sourceTree = "<group>";
		};
/* End PBXVariantGroup section */

/* Begin XCBuildConfiguration section */
		D61BC4551EE2A30300B2DB70 /* Debug */ = {
			isa = XCBuildConfiguration;
			buildSettings = {
				ALWAYS_SEARCH_USER_PATHS = NO;
				CLANG_ANALYZER_NONNULL = YES;
				CLANG_CXX_LANGUAGE_STANDARD = "gnu++0x";
				CLANG_CXX_LIBRARY = "libc++";
				CLANG_ENABLE_MODULES = YES;
				CLANG_ENABLE_OBJC_ARC = YES;
				CLANG_WARN_BOOL_CONVERSION = YES;
				CLANG_WARN_CONSTANT_CONVERSION = YES;
				CLANG_WARN_DIRECT_OBJC_ISA_USAGE = YES_ERROR;
				CLANG_WARN_DOCUMENTATION_COMMENTS = YES;
				CLANG_WARN_EMPTY_BODY = YES;
				CLANG_WARN_ENUM_CONVERSION = YES;
				CLANG_WARN_INFINITE_RECURSION = YES;
				CLANG_WARN_INT_CONVERSION = YES;
				CLANG_WARN_OBJC_ROOT_CLASS = YES_ERROR;
				CLANG_WARN_SUSPICIOUS_MOVE = YES;
				CLANG_WARN_UNREACHABLE_CODE = YES;
				CLANG_WARN__DUPLICATE_METHOD_MATCH = YES;
				"CODE_SIGN_IDENTITY[sdk=iphoneos*]" = "iPhone Developer";
				COPY_PHASE_STRIP = NO;
				DEBUG_INFORMATION_FORMAT = dwarf;
				ENABLE_STRICT_OBJC_MSGSEND = YES;
				ENABLE_TESTABILITY = YES;
				GCC_C_LANGUAGE_STANDARD = gnu99;
				GCC_DYNAMIC_NO_PIC = NO;
				GCC_NO_COMMON_BLOCKS = YES;
				GCC_OPTIMIZATION_LEVEL = 0;
				GCC_PREPROCESSOR_DEFINITIONS = (
					"DEBUG=1",
					"$(inherited)",
				);
				GCC_WARN_64_TO_32_BIT_CONVERSION = YES;
				GCC_WARN_ABOUT_RETURN_TYPE = YES_ERROR;
				GCC_WARN_UNDECLARED_SELECTOR = YES;
				GCC_WARN_UNINITIALIZED_AUTOS = YES_AGGRESSIVE;
				GCC_WARN_UNUSED_FUNCTION = YES;
				GCC_WARN_UNUSED_VARIABLE = YES;
				IPHONEOS_DEPLOYMENT_TARGET = 10.2;
				MTL_ENABLE_DEBUG_INFO = YES;
				ONLY_ACTIVE_ARCH = YES;
				SDKROOT = iphoneos;
				SWIFT_ACTIVE_COMPILATION_CONDITIONS = DEBUG;
				SWIFT_OPTIMIZATION_LEVEL = "-Onone";
			};
			name = Debug;
		};
		D61BC4561EE2A30300B2DB70 /* Release */ = {
			isa = XCBuildConfiguration;
			buildSettings = {
				ALWAYS_SEARCH_USER_PATHS = NO;
				CLANG_ANALYZER_NONNULL = YES;
				CLANG_CXX_LANGUAGE_STANDARD = "gnu++0x";
				CLANG_CXX_LIBRARY = "libc++";
				CLANG_ENABLE_MODULES = YES;
				CLANG_ENABLE_OBJC_ARC = YES;
				CLANG_WARN_BOOL_CONVERSION = YES;
				CLANG_WARN_CONSTANT_CONVERSION = YES;
				CLANG_WARN_DIRECT_OBJC_ISA_USAGE = YES_ERROR;
				CLANG_WARN_DOCUMENTATION_COMMENTS = YES;
				CLANG_WARN_EMPTY_BODY = YES;
				CLANG_WARN_ENUM_CONVERSION = YES;
				CLANG_WARN_INFINITE_RECURSION = YES;
				CLANG_WARN_INT_CONVERSION = YES;
				CLANG_WARN_OBJC_ROOT_CLASS = YES_ERROR;
				CLANG_WARN_SUSPICIOUS_MOVE = YES;
				CLANG_WARN_UNREACHABLE_CODE = YES;
				CLANG_WARN__DUPLICATE_METHOD_MATCH = YES;
				"CODE_SIGN_IDENTITY[sdk=iphoneos*]" = "iPhone Developer";
				COPY_PHASE_STRIP = NO;
				DEBUG_INFORMATION_FORMAT = "dwarf-with-dsym";
				ENABLE_NS_ASSERTIONS = NO;
				ENABLE_STRICT_OBJC_MSGSEND = YES;
				GCC_C_LANGUAGE_STANDARD = gnu99;
				GCC_NO_COMMON_BLOCKS = YES;
				GCC_WARN_64_TO_32_BIT_CONVERSION = YES;
				GCC_WARN_ABOUT_RETURN_TYPE = YES_ERROR;
				GCC_WARN_UNDECLARED_SELECTOR = YES;
				GCC_WARN_UNINITIALIZED_AUTOS = YES_AGGRESSIVE;
				GCC_WARN_UNUSED_FUNCTION = YES;
				GCC_WARN_UNUSED_VARIABLE = YES;
				IPHONEOS_DEPLOYMENT_TARGET = 10.2;
				MTL_ENABLE_DEBUG_INFO = NO;
				SDKROOT = iphoneos;
				SWIFT_OPTIMIZATION_LEVEL = "-Owholemodule";
				VALIDATE_PRODUCT = YES;
			};
			name = Release;
		};
		D61BC4581EE2A30300B2DB70 /* Debug */ = {
			isa = XCBuildConfiguration;
			baseConfigurationReference = 99315D47C2CB31158EE19552 /* Pods-GBook.debug.xcconfig */;
			buildSettings = {
				ASSETCATALOG_COMPILER_APPICON_NAME = AppIcon;
				DEVELOPMENT_TEAM = 6AZ497S772;
				FRAMEWORK_SEARCH_PATHS = (
					"$(inherited)",
					"$(PROJECT_DIR)/NIMSDK",
				);
				INFOPLIST_FILE = GBook/Info.plist;
				LD_RUNPATH_SEARCH_PATHS = "$(inherited) @executable_path/Frameworks";
				LIBRARY_SEARCH_PATHS = (
					"$(inherited)",
					"$(PROJECT_DIR)/NIMSDK/Libs",
				);
				OTHER_LDFLAGS = "-Objc";
				PRODUCT_BUNDLE_IDENTIFIER = iewam.GBook;
				PRODUCT_NAME = "$(TARGET_NAME)";
				SWIFT_OBJC_BRIDGING_HEADER = "GBook/GBook-Bridging-Header.h";
				SWIFT_VERSION = 3.0;
			};
			name = Debug;
		};
		D61BC4591EE2A30300B2DB70 /* Release */ = {
			isa = XCBuildConfiguration;
			baseConfigurationReference = 9070E083EFA286295945CD4C /* Pods-GBook.release.xcconfig */;
			buildSettings = {
				ASSETCATALOG_COMPILER_APPICON_NAME = AppIcon;
				DEVELOPMENT_TEAM = 6AZ497S772;
				FRAMEWORK_SEARCH_PATHS = (
					"$(inherited)",
					"$(PROJECT_DIR)/NIMSDK",
				);
				INFOPLIST_FILE = GBook/Info.plist;
				LD_RUNPATH_SEARCH_PATHS = "$(inherited) @executable_path/Frameworks";
				LIBRARY_SEARCH_PATHS = (
					"$(inherited)",
					"$(PROJECT_DIR)/NIMSDK/Libs",
				);
				OTHER_LDFLAGS = "-Objc";
				PRODUCT_BUNDLE_IDENTIFIER = iewam.GBook;
				PRODUCT_NAME = "$(TARGET_NAME)";
				SWIFT_OBJC_BRIDGING_HEADER = "GBook/GBook-Bridging-Header.h";
				SWIFT_VERSION = 3.0;
			};
			name = Release;
		};
/* End XCBuildConfiguration section */

/* Begin XCConfigurationList section */
		D61BC4401EE2A30300B2DB70 /* Build configuration list for PBXProject "GBook" */ = {
			isa = XCConfigurationList;
			buildConfigurations = (
				D61BC4551EE2A30300B2DB70 /* Debug */,
				D61BC4561EE2A30300B2DB70 /* Release */,
			);
			defaultConfigurationIsVisible = 0;
			defaultConfigurationName = Release;
		};
		D61BC4571EE2A30300B2DB70 /* Build configuration list for PBXNativeTarget "GBook" */ = {
			isa = XCConfigurationList;
			buildConfigurations = (
				D61BC4581EE2A30300B2DB70 /* Debug */,
				D61BC4591EE2A30300B2DB70 /* Release */,
			);
			defaultConfigurationIsVisible = 0;
			defaultConfigurationName = Release;
		};
/* End XCConfigurationList section */
	};
	rootObject = D61BC43D1EE2A30300B2DB70 /* Project object */;
}
